<?xml version="1.0" encoding="utf-8"?>
<Project ToolsVersion="4.0" xmlns="http://schemas.microsoft.com/developer/msbuild/2003">
  <ItemGroup>
    <Filter Include="Source Files">
      <UniqueIdentifier>{4FC737F1-C7A5-4376-A066-2A32D752A2FF}</UniqueIdentifier>
      <Extensions>cpp;c;cc;cxx;def;odl;idl;hpj;bat;asm;asmx</Extensions>
    </Filter>
    <Filter Include="Header Files">
      <UniqueIdentifier>{93995380-89BD-4b04-88EB-625FBE52EBFB}</UniqueIdentifier>
      <Extensions>h;hh;hpp;hxx;hm;inl;inc;xsd</Extensions>
    </Filter>
    <Filter Include="Resource Files">
      <UniqueIdentifier>{67DA6AB6-F800-4c08-8B7A-83BB121AAD01}</UniqueIdentifier>
      <Extensions>rc;ico;cur;bmp;dlg;rc2;rct;bin;rgs;gif;jpg;jpeg;jpe;resx;tiff;tif;png;wav;mfcribbon-ms</Extensions>
    </Filter>
    <Filter Include="Source Files\shared">
      <UniqueIdentifier>{24db5d49-423a-4da7-a6df-29674a071373}</UniqueIdentifier>
    </Filter>
    <Filter Include="Source Files\shared\game">
      <UniqueIdentifier>{ce385466-0006-4c94-a127-3848d0127b25}</UniqueIdentifier>
    </Filter>
    <Filter Include="Source Files\shared\gameobject">
      <UniqueIdentifier>{803864c8-d6f7-4d85-9937-0ee46f6e0022}</UniqueIdentifier>
    </Filter>
    <Filter Include="Source Files\shared\hardware">
      <UniqueIdentifier>{31436fed-6726-4b81-a27e-260c44000bd9}</UniqueIdentifier>
    </Filter>
    <Filter Include="Source Files\shared\scene">
      <UniqueIdentifier>{d321c0b4-8ee0-48bb-b674-8867329b24fb}</UniqueIdentifier>
    </Filter>
    <Filter Include="Source Files\shared\app">
      <UniqueIdentifier>{e9f36076-be8c-4534-a107-3535fd75ee87}</UniqueIdentifier>
    </Filter>
    <Filter Include="Source Files\shared\renderer">
      <UniqueIdentifier>{4dfdcf12-c499-4bd6-9fdf-3a7f71bb0b6e}</UniqueIdentifier>
    </Filter>
  </ItemGroup>
  <ItemGroup>
    <ClCompile Include="..\..\..\desktopapp.cpp">
      <Filter>Source Files</Filter>
    </ClCompile>
    <ClCompile Include="..\..\..\main.cpp">
      <Filter>Source Files</Filter>
    </ClCompile>
    <ClCompile Include="..\..\..\..\arduino\TomBoy\src\shared\game\levelscene.cpp">
      <Filter>Source Files\shared\game</Filter>
    </ClCompile>
    <ClCompile Include="..\..\..\..\arduino\TomBoy\src\shared\gameobject\sprite.cpp">
      <Filter>Source Files\shared\gameobject</Filter>
    </ClCompile>
    <ClCompile Include="..\..\..\..\arduino\TomBoy\src\shared\game\player.cpp">
      <Filter>Source Files\shared\game</Filter>
    </ClCompile>
    <ClCompile Include="..\..\..\..\arduino\TomBoy\src\shared\scene\basicscene.cpp">
      <Filter>Source Files\shared\scene</Filter>
    </ClCompile>
    <ClCompile Include="..\..\..\..\arduino\TomBoy\src\shared\app\basicapp.cpp">
      <Filter>Source Files\shared\app</Filter>
    </ClCompile>
    <ClCompile Include="..\..\..\..\arduino\TomBoy\src\shared\renderer\basicrenderer.cpp">
      <Filter>Source Files\shared\renderer</Filter>
    </ClCompile>
    <ClCompile Include="..\..\..\desktopdisplaydriver.cpp">
      <Filter>Source Files</Filter>
    </ClCompile>
    <ClCompile Include="..\..\..\..\arduino\TomBoy\src\shared\hardware\hardwaregateway.cpp">
      <Filter>Source Files\shared\hardware</Filter>
    </ClCompile>
  </ItemGroup>
  <ItemGroup>
    <ClInclude Include="..\..\..\desktopapp.h">
      <Filter>Source Files</Filter>
    </ClInclude>
    <ClInclude Include="..\..\..\..\arduino\TomBoy\src\shared\game\levelscene.h">
      <Filter>Source Files\shared\game</Filter>
    </ClInclude>
    <ClInclude Include="..\..\..\..\arduino\TomBoy\src\shared\gameobject\igameobject.h">
      <Filter>Source Files\shared\gameobject</Filter>
    </ClInclude>
    <ClInclude Include="..\..\..\..\arduino\TomBoy\src\shared\gameobject\sprite.h">
      <Filter>Source Files\shared\gameobject</Filter>
    </ClInclude>
    <ClInclude Include="..\..\..\..\arduino\TomBoy\src\shared\tomboydefines.h">
      <Filter>Source Files\shared</Filter>
    </ClInclude>
    <ClInclude Include="..\..\..\..\arduino\TomBoy\src\shared\game\assets.h">
      <Filter>Source Files\shared\game</Filter>
    </ClInclude>
    <ClInclude Include="..\..\..\..\arduino\TomBoy\src\shared\game\player.h">
      <Filter>Source Files\shared\game</Filter>
    </ClInclude>
    <ClInclude Include="..\..\..\..\arduino\TomBoy\src\shared\hardware\hardwaregateway.h">
      <Filter>Source Files\shared\hardware</Filter>
    </ClInclude>
    <ClInclude Include="..\..\..\..\arduino\TomBoy\src\shared\hardware\idisplaydriver.h">
      <Filter>Source Files\shared\hardware</Filter>
    </ClInclude>
    <ClInclude Include="..\..\..\..\arduino\TomBoy\src\shared\hardware\idriver.h">
      <Filter>Source Files\shared\hardware</Filter>
    </ClInclude>
    <ClInclude Include="..\..\..\..\arduino\TomBoy\src\shared\scene\iscene.h">
      <Filter>Source Files\shared\scene</Filter>
    </ClInclude>
    <ClInclude Include="..\..\..\..\arduino\TomBoy\src\shared\scene\basicscene.h">
      <Filter>Source Files\shared\scene</Filter>
    </ClInclude>
    <ClInclude Include="..\..\..\..\arduino\TomBoy\src\shared\app\iapp.h">
      <Filter>Source Files\shared\app</Filter>
    </ClInclude>
    <ClInclude Include="..\..\..\..\arduino\TomBoy\src\shared\renderer\irenderer.h">
      <Filter>Source Files\shared\renderer</Filter>
    </ClInclude>
    <ClInclude Include="..\..\..\..\arduino\TomBoy\src\shared\app\basicapp.h">
      <Filter>Source Files\shared\app</Filter>
    </ClInclude>
    <ClInclude Include="..\..\..\..\arduino\TomBoy\src\shared\renderer\basicrenderer.h">
      <Filter>Source Files\shared\renderer</Filter>
    </ClInclude>
    <ClInclude Include="..\..\..\desktopdisplaydriver.h">
      <Filter>Source Files</Filter>
    </ClInclude>
  </ItemGroup>
</Project>