<?xml version="1.0" encoding="utf-8"?>
<Project ToolsVersion="4.0" xmlns="http://schemas.microsoft.com/developer/msbuild/2003">
  <ItemGroup>
    <Filter Include="Source Files">
      <UniqueIdentifier>{4FC737F1-C7A5-4376-A066-2A32D752A2FF}</UniqueIdentifier>
      <Extensions>cpp;c;cc;cxx;def;odl;idl;hpj;bat;asm;asmx</Extensions>
    </Filter>
    <Filter Include="Header Files">
      <UniqueIdentifier>{93995380-89BD-4b04-88EB-625FBE52EBFB}</UniqueIdentifier>
      <Extensions>h;hh;hpp;hxx;hm;inl;inc;xsd</Extensions>
    </Filter>
    <Filter Include="Resource Files">
      <UniqueIdentifier>{67DA6AB6-F800-4c08-8B7A-83BB121AAD01}</UniqueIdentifier>
      <Extensions>rc;ico;cur;bmp;dlg;rc2;rct;bin;rgs;gif;jpg;jpeg;jpe;resx;tiff;tif;png;wav;mfcribbon-ms</Extensions>
    </Filter>
    <Filter Include="Source Files\shared">
      <UniqueIdentifier>{062df634-92b4-40d0-9b93-011bcfb5e297}</UniqueIdentifier>
    </Filter>
    <Filter Include="Source Files\shared\lib">
      <UniqueIdentifier>{006c80d2-f25d-4097-bd05-64bf03a8e98f}</UniqueIdentifier>
    </Filter>
    <Filter Include="Source Files\shared\lib\api">
      <UniqueIdentifier>{357f00bd-ab88-43e7-afa1-29b64aa00efc}</UniqueIdentifier>
    </Filter>
    <Filter Include="Source Files\shared\lib\api\app">
      <UniqueIdentifier>{acad762d-d468-4e28-9a8d-adf8c5b5981d}</UniqueIdentifier>
    </Filter>
    <Filter Include="Source Files\shared\lib\api\controlsmanager">
      <UniqueIdentifier>{279da817-dfb7-4344-9ce9-f841cf846715}</UniqueIdentifier>
    </Filter>
    <Filter Include="Source Files\shared\lib\api\gameobject">
      <UniqueIdentifier>{479d1f42-5751-4615-9539-8b7ab697281d}</UniqueIdentifier>
    </Filter>
    <Filter Include="Source Files\shared\lib\api\hardware">
      <UniqueIdentifier>{ce29c305-2545-4cc2-b8c2-074748aebaf9}</UniqueIdentifier>
    </Filter>
    <Filter Include="Source Files\shared\lib\api\renderer">
      <UniqueIdentifier>{618a2d6b-800b-4110-a15d-32052dfb1e3c}</UniqueIdentifier>
    </Filter>
    <Filter Include="Source Files\shared\lib\api\scene">
      <UniqueIdentifier>{210eeb22-e00b-47b5-8937-a41b3ef5f7b1}</UniqueIdentifier>
    </Filter>
    <Filter Include="Source Files\shared\lib\api\utils">
      <UniqueIdentifier>{980866b5-57c7-4470-a5eb-d6acccbc0414}</UniqueIdentifier>
    </Filter>
    <Filter Include="Source Files\shared\lib\game">
      <UniqueIdentifier>{38e0b2b7-7375-4af3-9ad2-729fc7f6373a}</UniqueIdentifier>
    </Filter>
    <Filter Include="Source Files\shared\lib\api\graphics">
      <UniqueIdentifier>{2d9bef3f-7e07-4d21-8c36-e8633c66e62c}</UniqueIdentifier>
    </Filter>
    <Filter Include="Source Files\shared\lib\api\math">
      <UniqueIdentifier>{446f893f-8f18-45ef-a935-addbc08a7027}</UniqueIdentifier>
    </Filter>
  </ItemGroup>
  <ItemGroup>
    <ClCompile Include="..\..\..\desktopapp.cpp">
      <Filter>Source Files</Filter>
    </ClCompile>
    <ClCompile Include="..\..\..\main.cpp">
      <Filter>Source Files</Filter>
    </ClCompile>
    <ClCompile Include="..\..\..\desktopdisplaydriver.cpp">
      <Filter>Source Files</Filter>
    </ClCompile>
    <ClCompile Include="..\..\..\desktopcontrolsdriver.cpp">
      <Filter>Source Files</Filter>
    </ClCompile>
    <ClCompile Include="..\..\..\..\shared\lib\game\levelscene.cpp">
      <Filter>Source Files\shared\lib\game</Filter>
    </ClCompile>
    <ClCompile Include="..\..\..\..\shared\lib\game\player.cpp">
      <Filter>Source Files\shared\lib\game</Filter>
    </ClCompile>
    <ClCompile Include="..\..\..\..\shared\lib\api\app\basicapp.cpp">
      <Filter>Source Files\shared\lib\api\app</Filter>
    </ClCompile>
    <ClCompile Include="..\..\..\..\shared\lib\api\controlsmanager\basiccontrolsmanager.cpp">
      <Filter>Source Files\shared\lib\api\controlsmanager</Filter>
    </ClCompile>
    <ClCompile Include="..\..\..\..\shared\lib\api\gameobject\sprite.cpp">
      <Filter>Source Files\shared\lib\api\gameobject</Filter>
    </ClCompile>
    <ClCompile Include="..\..\..\..\shared\lib\api\hardware\hardwaregateway.cpp">
      <Filter>Source Files\shared\lib\api\hardware</Filter>
    </ClCompile>
    <ClCompile Include="..\..\..\..\shared\lib\api\renderer\basicrenderer.cpp">
      <Filter>Source Files\shared\lib\api\renderer</Filter>
    </ClCompile>
    <ClCompile Include="..\..\..\..\shared\lib\api\scene\basicscene.cpp">
      <Filter>Source Files\shared\lib\api\scene</Filter>
    </ClCompile>
    <ClCompile Include="..\..\..\..\shared\lib\api\graphics\texture.cpp">
      <Filter>Source Files\shared\lib\api\graphics</Filter>
    </ClCompile>
    <ClCompile Include="..\..\..\..\shared\lib\api\graphics\image.cpp">
      <Filter>Source Files\shared\lib\api\graphics</Filter>
    </ClCompile>
    <ClCompile Include="..\..\..\..\shared\lib\api\scene\basicscenemanager.cpp">
      <Filter>Source Files\shared\lib\api\scene</Filter>
    </ClCompile>
    <ClCompile Include="..\..\..\..\shared\lib\game\gamescenemanager.cpp">
      <Filter>Source Files\shared\lib\game</Filter>
    </ClCompile>
    <ClCompile Include="..\..\..\..\shared\lib\game\coin.cpp">
      <Filter>Source Files\shared\lib\game</Filter>
    </ClCompile>
    <ClCompile Include="..\..\..\desktoprandomdriver.cpp">
      <Filter>Source Files</Filter>
    </ClCompile>
    <ClCompile Include="..\..\..\..\shared\lib\api\math\vector2.cpp">
      <Filter>Source Files\shared\lib\api\math</Filter>
    </ClCompile>
    <ClCompile Include="..\..\..\..\shared\lib\api\math\aabb.cpp">
      <Filter>Source Files\shared\lib\api\math</Filter>
    </ClCompile>
  </ItemGroup>
  <ItemGroup>
    <ClInclude Include="..\..\..\desktopapp.h">
      <Filter>Source Files</Filter>
    </ClInclude>
    <ClInclude Include="..\..\..\desktopdisplaydriver.h">
      <Filter>Source Files</Filter>
    </ClInclude>
    <ClInclude Include="..\..\..\desktopcontrolsdriver.h">
      <Filter>Source Files</Filter>
    </ClInclude>
    <ClInclude Include="..\..\..\..\shared\lib\game\assets.h">
      <Filter>Source Files\shared\lib\game</Filter>
    </ClInclude>
    <ClInclude Include="..\..\..\..\shared\lib\game\levelscene.h">
      <Filter>Source Files\shared\lib\game</Filter>
    </ClInclude>
    <ClInclude Include="..\..\..\..\shared\lib\game\player.h">
      <Filter>Source Files\shared\lib\game</Filter>
    </ClInclude>
    <ClInclude Include="..\..\..\..\shared\lib\api\app\basicapp.h">
      <Filter>Source Files\shared\lib\api\app</Filter>
    </ClInclude>
    <ClInclude Include="..\..\..\..\shared\lib\api\app\iapp.h">
      <Filter>Source Files\shared\lib\api\app</Filter>
    </ClInclude>
    <ClInclude Include="..\..\..\..\shared\lib\api\controlsmanager\basiccontrolsmanager.h">
      <Filter>Source Files\shared\lib\api\controlsmanager</Filter>
    </ClInclude>
    <ClInclude Include="..\..\..\..\shared\lib\api\controlsmanager\icontrolsmanager.h">
      <Filter>Source Files\shared\lib\api\controlsmanager</Filter>
    </ClInclude>
    <ClInclude Include="..\..\..\..\shared\lib\api\gameobject\igameobject.h">
      <Filter>Source Files\shared\lib\api\gameobject</Filter>
    </ClInclude>
    <ClInclude Include="..\..\..\..\shared\lib\api\gameobject\sprite.h">
      <Filter>Source Files\shared\lib\api\gameobject</Filter>
    </ClInclude>
    <ClInclude Include="..\..\..\..\shared\lib\api\hardware\hardwaregateway.h">
      <Filter>Source Files\shared\lib\api\hardware</Filter>
    </ClInclude>
    <ClInclude Include="..\..\..\..\shared\lib\api\hardware\icontrolsdriver.h">
      <Filter>Source Files\shared\lib\api\hardware</Filter>
    </ClInclude>
    <ClInclude Include="..\..\..\..\shared\lib\api\hardware\idisplaydriver.h">
      <Filter>Source Files\shared\lib\api\hardware</Filter>
    </ClInclude>
    <ClInclude Include="..\..\..\..\shared\lib\api\hardware\idriver.h">
      <Filter>Source Files\shared\lib\api\hardware</Filter>
    </ClInclude>
    <ClInclude Include="..\..\..\..\shared\lib\api\renderer\basicrenderer.h">
      <Filter>Source Files\shared\lib\api\renderer</Filter>
    </ClInclude>
    <ClInclude Include="..\..\..\..\shared\lib\api\renderer\irenderer.h">
      <Filter>Source Files\shared\lib\api\renderer</Filter>
    </ClInclude>
    <ClInclude Include="..\..\..\..\shared\lib\api\scene\basicscene.h">
      <Filter>Source Files\shared\lib\api\scene</Filter>
    </ClInclude>
    <ClInclude Include="..\..\..\..\shared\lib\api\scene\iscene.h">
      <Filter>Source Files\shared\lib\api\scene</Filter>
    </ClInclude>
    <ClInclude Include="..\..\..\..\shared\lib\api\utils\arraylist.h">
      <Filter>Source Files\shared\lib\api\utils</Filter>
    </ClInclude>
    <ClInclude Include="..\..\..\..\shared\lib\api\utils\iarraylist.h">
      <Filter>Source Files\shared\lib\api\utils</Filter>
    </ClInclude>
    <ClInclude Include="..\..\..\..\shared\lib\api\tomboydefines.h">
      <Filter>Source Files\shared\lib\api</Filter>
    </ClInclude>
    <ClInclude Include="..\..\..\..\shared\lib\api\graphics\texture.h">
      <Filter>Source Files\shared\lib\api\graphics</Filter>
    </ClInclude>
    <ClInclude Include="..\..\..\..\shared\lib\api\graphics\image.h">
      <Filter>Source Files\shared\lib\api\graphics</Filter>
    </ClInclude>
    <ClInclude Include="..\..\..\..\shared\lib\api\scene\iscenemanager.h">
      <Filter>Source Files\shared\lib\api\scene</Filter>
    </ClInclude>
    <ClInclude Include="..\..\..\..\shared\lib\api\scene\basicscenemanager.h">
      <Filter>Source Files\shared\lib\api\scene</Filter>
    </ClInclude>
    <ClInclude Include="..\..\..\..\shared\lib\game\gamescenemanager.h">
      <Filter>Source Files\shared\lib\game</Filter>
    </ClInclude>
    <ClInclude Include="..\..\..\..\shared\lib\game\coin.h">
      <Filter>Source Files\shared\lib\game</Filter>
    </ClInclude>
    <ClInclude Include="..\..\..\..\shared\lib\api\hardware\irandomdriver.h">
      <Filter>Source Files\shared\lib\api\hardware</Filter>
    </ClInclude>
    <ClInclude Include="..\..\..\desktoprandomdriver.h">
      <Filter>Source Files</Filter>
    </ClInclude>
    <ClInclude Include="..\..\..\..\shared\lib\api\math\vector2.h">
      <Filter>Source Files\shared\lib\api\math</Filter>
    </ClInclude>
    <ClInclude Include="..\..\..\..\shared\lib\api\math\aabb.h">
      <Filter>Source Files\shared\lib\api\math</Filter>
    </ClInclude>
  </ItemGroup>
</Project>